
Microsoft Visual Studio Solution File, Format Version 12.00
# Visual Studio Version 17
VisualStudioVersion = 17.5.33103.201
MinimumVisualStudioVersion = 10.0.40219.1
Project("{9A19103F-16F7-4668-BE54-9A1E7A4F7556}") = "Electric.Domain", "src\Electric.Domain\Electric.Domain.csproj", "{50C1344D-48A4-4254-BA8D-F8F139D78811}"
EndProject
Project("{9A19103F-16F7-4668-BE54-9A1E7A4F7556}") = "Electric.Domain.Shared", "src\Electric.Domain.Shared\Electric.Domain.Shared.csproj", "{FCE7FBB4-8DC7-4590-AEB3-73D8771BA06E}"
EndProject
Project("{9A19103F-16F7-4668-BE54-9A1E7A4F7556}") = "Electric.Application.Contracts", "src\Electric.Application.Contracts\Electric.Application.Contracts.csproj", "{C27AF669-AA01-45AE-A7B9-3C177B15C2E9}"
EndProject
Project("{9A19103F-16F7-4668-BE54-9A1E7A4F7556}") = "Electric.Application", "src\Electric.Application\Electric.Application.csproj", "{5DEA9606-39CF-4ECC-8764-36A3839287E6}"
EndProject
Project("{9A19103F-16F7-4668-BE54-9A1E7A4F7556}") = "Electric.WebAPI", "src\Electric.WebAPI\Electric.WebAPI.csproj", "{FCD8DC75-355D-4AF3-B385-B568D153BD4B}"
EndProject
Project("{9A19103F-16F7-4668-BE54-9A1E7A4F7556}") = "Electric.EntityFrameworkCore", "src\Electric.EntityFrameworkCore\Electric.EntityFrameworkCore.csproj", "{8856115A-C676-44A9-8E3F-C3526F6A4E74}"
EndProject
Project("{9A19103F-16F7-4668-BE54-9A1E7A4F7556}") = "Electric.EntityFrameworkCore.DbMigrations", "src\Electric.EntityFrameworkCore.DbMigrations\Electric.EntityFrameworkCore.DbMigrations.csproj", "{E68101A7-41A7-41E5-BE68-1E7C8A8607F1}"
EndProject
Project("{9A19103F-16F7-4668-BE54-9A1E7A4F7556}") = "Electric.Core", "src\Electric.Core\Electric.Core.csproj", "{4046F439-C523-4F97-8956-E6482D4C94C5}"
EndProject
Project("{9A19103F-16F7-4668-BE54-9A1E7A4F7556}") = "Electric.SqlSugarCore.DbMigrations", "src\Electric.SqlSugarCore.DbMigrations\Electric.SqlSugarCore.DbMigrations.csproj", "{346E7DD8-92B1-4ECE-86C4-26DA54248910}"
EndProject
Project("{9A19103F-16F7-4668-BE54-9A1E7A4F7556}") = "Electric.SqlSugarCore", "..\..\DDDTour\src\Electric.SqlSugarCore\Electric.SqlSugarCore.csproj", "{0B57CC57-057E-43E0-B04E-858DBAA437BA}"
EndProject
Global
	GlobalSection(SolutionConfigurationPlatforms) = preSolution
		Debug|Any CPU = Debug|Any CPU
		Release|Any CPU = Release|Any CPU
	EndGlobalSection
	GlobalSection(ProjectConfigurationPlatforms) = postSolution
		{50C1344D-48A4-4254-BA8D-F8F139D78811}.Debug|Any CPU.ActiveCfg = Debug|Any CPU
		{50C1344D-48A4-4254-BA8D-F8F139D78811}.Debug|Any CPU.Build.0 = Debug|Any CPU
		{50C1344D-48A4-4254-BA8D-F8F139D78811}.Release|Any CPU.ActiveCfg = Release|Any CPU
		{50C1344D-48A4-4254-BA8D-F8F139D78811}.Release|Any CPU.Build.0 = Release|Any CPU
		{FCE7FBB4-8DC7-4590-AEB3-73D8771BA06E}.Debug|Any CPU.ActiveCfg = Debug|Any CPU
		{FCE7FBB4-8DC7-4590-AEB3-73D8771BA06E}.Debug|Any CPU.Build.0 = Debug|Any CPU
		{FCE7FBB4-8DC7-4590-AEB3-73D8771BA06E}.Release|Any CPU.ActiveCfg = Release|Any CPU
		{FCE7FBB4-8DC7-4590-AEB3-73D8771BA06E}.Release|Any CPU.Build.0 = Release|Any CPU
		{C27AF669-AA01-45AE-A7B9-3C177B15C2E9}.Debug|Any CPU.ActiveCfg = Debug|Any CPU
		{C27AF669-AA01-45AE-A7B9-3C177B15C2E9}.Debug|Any CPU.Build.0 = Debug|Any CPU
		{C27AF669-AA01-45AE-A7B9-3C177B15C2E9}.Release|Any CPU.ActiveCfg = Release|Any CPU
		{C27AF669-AA01-45AE-A7B9-3C177B15C2E9}.Release|Any CPU.Build.0 = Release|Any CPU
		{5DEA9606-39CF-4ECC-8764-36A3839287E6}.Debug|Any CPU.ActiveCfg = Debug|Any CPU
		{5DEA9606-39CF-4ECC-8764-36A3839287E6}.Debug|Any CPU.Build.0 = Debug|Any CPU
		{5DEA9606-39CF-4ECC-8764-36A3839287E6}.Release|Any CPU.ActiveCfg = Release|Any CPU
		{5DEA9606-39CF-4ECC-8764-36A3839287E6}.Release|Any CPU.Build.0 = Release|Any CPU
		{FCD8DC75-355D-4AF3-B385-B568D153BD4B}.Debug|Any CPU.ActiveCfg = Debug|Any CPU
		{FCD8DC75-355D-4AF3-B385-B568D153BD4B}.Debug|Any CPU.Build.0 = Debug|Any CPU
		{FCD8DC75-355D-4AF3-B385-B568D153BD4B}.Release|Any CPU.ActiveCfg = Release|Any CPU
		{FCD8DC75-355D-4AF3-B385-B568D153BD4B}.Release|Any CPU.Build.0 = Release|Any CPU
		{8856115A-C676-44A9-8E3F-C3526F6A4E74}.Debug|Any CPU.ActiveCfg = Debug|Any CPU
		{8856115A-C676-44A9-8E3F-C3526F6A4E74}.Debug|Any CPU.Build.0 = Debug|Any CPU
		{8856115A-C676-44A9-8E3F-C3526F6A4E74}.Release|Any CPU.ActiveCfg = Release|Any CPU
		{8856115A-C676-44A9-8E3F-C3526F6A4E74}.Release|Any CPU.Build.0 = Release|Any CPU
		{E68101A7-41A7-41E5-BE68-1E7C8A8607F1}.Debug|Any CPU.ActiveCfg = Debug|Any CPU
		{E68101A7-41A7-41E5-BE68-1E7C8A8607F1}.Debug|Any CPU.Build.0 = Debug|Any CPU
		{E68101A7-41A7-41E5-BE68-1E7C8A8607F1}.Release|Any CPU.ActiveCfg = Release|Any CPU
		{E68101A7-41A7-41E5-BE68-1E7C8A8607F1}.Release|Any CPU.Build.0 = Release|Any CPU
		{4046F439-C523-4F97-8956-E6482D4C94C5}.Debug|Any CPU.ActiveCfg = Debug|Any CPU
		{4046F439-C523-4F97-8956-E6482D4C94C5}.Debug|Any CPU.Build.0 = Debug|Any CPU
		{4046F439-C523-4F97-8956-E6482D4C94C5}.Release|Any CPU.ActiveCfg = Release|Any CPU
		{4046F439-C523-4F97-8956-E6482D4C94C5}.Release|Any CPU.Build.0 = Release|Any CPU
		{346E7DD8-92B1-4ECE-86C4-26DA54248910}.Debug|Any CPU.ActiveCfg = Debug|Any CPU
		{346E7DD8-92B1-4ECE-86C4-26DA54248910}.Debug|Any CPU.Build.0 = Debug|Any CPU
		{346E7DD8-92B1-4ECE-86C4-26DA54248910}.Release|Any CPU.ActiveCfg = Release|Any CPU
		{346E7DD8-92B1-4ECE-86C4-26DA54248910}.Release|Any CPU.Build.0 = Release|Any CPU
		{0B57CC57-057E-43E0-B04E-858DBAA437BA}.Debug|Any CPU.ActiveCfg = Debug|Any CPU
		{0B57CC57-057E-43E0-B04E-858DBAA437BA}.Debug|Any CPU.Build.0 = Debug|Any CPU
		{0B57CC57-057E-43E0-B04E-858DBAA437BA}.Release|Any CPU.ActiveCfg = Release|Any CPU
		{0B57CC57-057E-43E0-B04E-858DBAA437BA}.Release|Any CPU.Build.0 = Release|Any CPU
	EndGlobalSection
	GlobalSection(SolutionProperties) = preSolution
		HideSolutionNode = FALSE
	EndGlobalSection
	GlobalSection(ExtensibilityGlobals) = postSolution
		SolutionGuid = {D8893CF8-91D7-44CE-8BBD-94E5C336A330}
	EndGlobalSection
EndGlobal
